
Microsoft Visual Studio Solution File, Format Version 12.00
# Visual Studio Version 17
VisualStudioVersion = 17.14.36127.28 d17.14
MinimumVisualStudioVersion = 10.0.40219.1
Project("{FAE04EC0-301F-11D3-BF4B-00C04F79EFBC}") = "uni game draft", "uni game draft\uni game draft.csproj", "{F3E40CFC-F989-45F0-9AE0-C9AA21A38E2C}"
EndProject
Global
	GlobalSection(SolutionConfigurationPlatforms) = preSolution
		Debug|Any CPU = Debug|Any CPU
		Release|Any CPU = Release|Any CPU
	EndGlobalSection
	GlobalSection(ProjectConfigurationPlatforms) = postSolution
		{F3E40CFC-F989-45F0-9AE0-C9AA21A38E2C}.Debug|Any CPU.ActiveCfg = Debug|Any CPU
		{F3E40CFC-F989-45F0-9AE0-C9AA21A38E2C}.Debug|Any CPU.Build.0 = Debug|Any CPU
		{F3E40CFC-F989-45F0-9AE0-C9AA21A38E2C}.Release|Any CPU.ActiveCfg = Release|Any CPU
		{F3E40CFC-F989-45F0-9AE0-C9AA21A38E2C}.Release|Any CPU.Build.0 = Release|Any CPU
	EndGlobalSection
	GlobalSection(SolutionProperties) = preSolution
		HideSolutionNode = FALSE
	EndGlobalSection
	GlobalSection(ExtensibilityGlobals) = postSolution
		SolutionGuid = {D0108B24-786D-4931-BE7D-E6850D572869}
	EndGlobalSection
EndGlobal
